// !$*UTF8*$!
{
	archiveVersion = 1;
	classes = {
	};
	objectVersion = 48;
	objects = {

/* Begin PBXBuildFile section */
		512A70AE2015784700D92B4D /* AppDelegate.swift in Sources */ = {isa = PBXBuildFile; fileRef = 512A70AD2015784700D92B4D /* AppDelegate.swift */; };
		512A70B02015784700D92B4D /* ViewController.swift in Sources */ = {isa = PBXBuildFile; fileRef = 512A70AF2015784700D92B4D /* ViewController.swift */; };
		512A70B32015784700D92B4D /* Main.storyboard in Resources */ = {isa = PBXBuildFile; fileRef = 512A70B12015784700D92B4D /* Main.storyboard */; };
		512A70B52015784700D92B4D /* Assets.xcassets in Resources */ = {isa = PBXBuildFile; fileRef = 512A70B42015784700D92B4D /* Assets.xcassets */; };
		512A70B82015784700D92B4D /* LaunchScreen.storyboard in Resources */ = {isa = PBXBuildFile; fileRef = 512A70B62015784700D92B4D /* LaunchScreen.storyboard */; };
		512A70C02015786E00D92B4D /* Person.swift in Sources */ = {isa = PBXBuildFile; fileRef = 512A70BF2015786E00D92B4D /* Person.swift */; };
/* End PBXBuildFile section */

/* Begin PBXFileReference section */
		512A70AA2015784700D92B4D /* TestGithubCocoaPods.app */ = {isa = PBXFileReference; explicitFileType = wrapper.application; includeInIndex = 0; path = TestGithubCocoaPods.app; sourceTree = BUILT_PRODUCTS_DIR; };
		512A70AD2015784700D92B4D /* AppDelegate.swift */ = {isa = PBXFileReference; lastKnownFileType = sourcecode.swift; path = AppDelegate.swift; sourceTree = "<group>"; };
		512A70AF2015784700D92B4D /* ViewController.swift */ = {isa = PBXFileReference; lastKnownFileType = sourcecode.swift; path = ViewController.swift; sourceTree = "<group>"; };
		512A70B22015784700D92B4D /* Base */ = {isa = PBXFileReference; lastKnownFileType = file.storyboard; name = Base; path = Base.lproj/Main.storyboard; sourceTree = "<group>"; };
		512A70B42015784700D92B4D /* Assets.xcassets */ = {isa = PBXFileReference; lastKnownFileType = folder.assetcatalog; path = Assets.xcassets; sourceTree = "<group>"; };
		512A70B72015784700D92B4D /* Base */ = {isa = PBXFileReference; lastKnownFileType = file.storyboard; name = Base; path = Base.lproj/LaunchScreen.storyboard; sourceTree = "<group>"; };
		512A70B92015784700D92B4D /* Info.plist */ = {isa = PBXFileReference; lastKnownFileType = text.plist.xml; path = Info.plist; sourceTree = "<group>"; };
		512A70BF2015786E00D92B4D /* Person.swift */ = {isa = PBXFileReference; fileEncoding = 4; lastKnownFileType = sourcecode.swift; path = Person.swift; sourceTree = "<group>"; };
/* End PBXFileReference section */

/* Begin PBXFrameworksBuildPhase section */
		512A70A72015784700D92B4D /* Frameworks */ = {
			isa = PBXFrameworksBuildPhase;
			buildActionMask = 2147483647;
			files = (
			);
			runOnlyForDeploymentPostprocessing = 0;
		};
/* End PBXFrameworksBuildPhase section */

/* Begin PBXGroup section */
		512A70A12015784700D92B4D = {
			isa = PBXGroup;
			children = (
				512A70AC2015784700D92B4D /* TestGithubCocoaPods */,
				512A70AB2015784700D92B4D /* Products */,
			);
			sourceTree = "<group>";
		};
		512A70AB2015784700D92B4D /* Products */ = {
			isa = PBXGroup;
			children = (
				512A70AA2015784700D92B4D /* TestGithubCocoaPods.app */,
			);
			name = Products;
			sourceTree = "<group>";
		};
		512A70AC2015784700D92B4D /* TestGithubCocoaPods */ = {
			isa = PBXGroup;
			children = (
				512A70AD2015784700D92B4D /* AppDelegate.swift */,
				512A70AF2015784700D92B4D /* ViewController.swift */,
				512A70BF2015786E00D92B4D /* Person.swift */,
				512A70B12015784700D92B4D /* Main.storyboard */,
				512A70B42015784700D92B4D /* Assets.xcassets */,
				512A70B62015784700D92B4D /* LaunchScreen.storyboard */,
				512A70B92015784700D92B4D /* Info.plist */,
			);
			path = TestGithubCocoaPods;
			sourceTree = "<group>";
		};
/* End PBXGroup section */

/* Begin PBXNativeTarget section */
		512A70A92015784700D92B4D /* TestGithubCocoaPods */ = {
			isa = PBXNativeTarget;
			buildConfigurationList = 512A70BC2015784700D92B4D /* Build configuration list for PBXNativeTarget "TestGithubCocoaPods" */;
			buildPhases = (
				512A70A62015784700D92B4D /* Sources */,
				512A70A72015784700D92B4D /* Frameworks */,
				512A70A82015784700D92B4D /* Resources */,
			);
			buildRules = (
			);
			dependencies = (
			);
			name = TestGithubCocoaPods;
			productName = TestGithubCocoaPods;
			productReference = 512A70AA2015784700D92B4D /* TestGithubCocoaPods.app */;
			productType = "com.apple.product-type.application";
		};
/* End PBXNativeTarget section */

/* Begin PBXProject section */
		512A70A22015784700D92B4D /* Project object */ = {
			isa = PBXProject;
			attributes = {
				LastSwiftUpdateCheck = 0920;
				LastUpgradeCheck = 0920;
				ORGANIZATIONNAME = JU;
				TargetAttributes = {
					512A70A92015784700D92B4D = {
						CreatedOnToolsVersion = 9.2;
						ProvisioningStyle = Automatic;
					};
				};
			};
			buildConfigurationList = 512A70A52015784700D92B4D /* Build configuration list for PBXProject "TestGithubCocoaPods" */;
			compatibilityVersion = "Xcode 8.0";
			developmentRegion = en;
			hasScannedForEncodings = 0;
			knownRegions = (
				en,
				Base,
			);
			mainGroup = 512A70A12015784700D92B4D;
			productRefGroup = 512A70AB2015784700D92B4D /* Products */;
			projectDirPath = "";
			projectRoot = "";
			targets = (
				512A70A92015784700D92B4D /* TestGithubCocoaPods */,
			);
		};
/* End PBXProject section */

/* Begin PBXResourcesBuildPhase section */
		512A70A82015784700D92B4D /* Resources */ = {
			isa = PBXResourcesBuildPhase;
			buildActionMask = 2147483647;
			files = (
				512A70B82015784700D92B4D /* LaunchScreen.storyboard in Resources */,
				512A70B52015784700D92B4D /* Assets.xcassets in Resources */,
				512A70B32015784700D92B4D /* Main.storyboard in Resources */,
			);
			runOnlyForDeploymentPostprocessing = 0;
		};
/* End PBXResourcesBuildPhase section */

/* Begin PBXSourcesBuildPhase section */
		512A70A62015784700D92B4D /* Sources */ = {
			isa = PBXSourcesBuildPhase;
			buildActionMask = 2147483647;
			files = (
				512A70C02015786E00D92B4D /* Person.swift in Sources */,
				512A70B02015784700D92B4D /* ViewController.swift in Sources */,
				512A70AE2015784700D92B4D /* AppDelegate.swift in Sources */,
			);
			runOnlyForDeploymentPostprocessing = 0;
		};
/* End PBXSourcesBuildPhase section */

/* Begin PBXVariantGroup section */
		512A70B12015784700D92B4D /* Main.storyboard */ = {
			isa = PBXVariantGroup;
			children = (
				512A70B22015784700D92B4D /* Base */,
			);
			name = Main.storyboard;
			sourceTree = "<group>";
		};
		512A70B62015784700D92B4D /* LaunchScreen.storyboard */ = {
			isa = PBXVariantGroup;
			children = (
				512A70B72015784700D92B4D /* Base */,
			);
			name = LaunchScreen.storyboard;
			sourceTree = "<group>";
		};
/* End PBXVariantGroup section */

/* Begin XCBuildConfiguration section */
		512A70BA2015784700D92B4D /* Debug */ = {
			isa = XCBuildConfiguration;
			buildSettings = {
				ALWAYS_SEARCH_USER_PATHS = NO;
				CLANG_ANALYZER_NONNULL = YES;
				CLANG_ANALYZER_NUMBER_OBJECT_CONVERSION = YES_AGGRESSIVE;
				CLANG_CXX_LANGUAGE_STANDARD = "gnu++14";
				CLANG_CXX_LIBRARY = "libc++";
				CLANG_ENABLE_MODULES = YES;
				CLANG_ENABLE_OBJC_ARC = YES;
				CLANG_WARN_BLOCK_CAPTURE_AUTORELEASING = YES;
				CLANG_WARN_BOOL_CONVERSION = YES;
				CLANG_WARN_COMMA = YES;
				CLANG_WARN_CONSTANT_CONVERSION = YES;
				CLANG_WARN_DIRECT_OBJC_ISA_USAGE = YES_ERROR;
				CLANG_WARN_DOCUMENTATION_COMMENTS = YES;
				CLANG_WARN_EMPTY_BODY = YES;
				CLANG_WARN_ENUM_CONVERSION = YES;
				CLANG_WARN_INFINITE_RECURSION = YES;
				CLANG_WARN_INT_CONVERSION = YES;
				CLANG_WARN_NON_LITERAL_NULL_CONVERSION = YES;
				CLANG_WARN_OBJC_LITERAL_CONVERSION = YES;
				CLANG_WARN_OBJC_ROOT_CLASS = YES_ERROR;
				CLANG_WARN_RANGE_LOOP_ANALYSIS = YES;
				CLANG_WARN_STRICT_PROTOTYPES = YES;
				CLANG_WARN_SUSPICIOUS_MOVE = YES;
				CLANG_WARN_UNGUARDED_AVAILABILITY = YES_AGGRESSIVE;
				CLANG_WARN_UNREACHABLE_CODE = YES;
				CLANG_WARN__DUPLICATE_METHOD_MATCH = YES;
				CODE_SIGN_IDENTITY = "iPhone Developer";
				COPY_PHASE_STRIP = NO;
				DEBUG_INFORMATION_FORMAT = dwarf;
				ENABLE_STRICT_OBJC_MSGSEND = YES;
				ENABLE_TESTABILITY = YES;
				GCC_C_LANGUAGE_STANDARD = gnu11;
				GCC_DYNAMIC_NO_PIC = NO;
				GCC_NO_COMMON_BLOCKS = YES;
				GCC_OPTIMIZATION_LEVEL = 0;
				GCC_PREPROCESSOR_DEFINITIONS = (
					"DEBUG=1",
					"$(inherited)",
				);
				GCC_WARN_64_TO_32_BIT_CONVERSION = YES;
				GCC_WARN_ABOUT_RETURN_TYPE = YES_ERROR;
				GCC_WARN_UNDECLARED_SELECTOR = YES;
				GCC_WARN_UNINITIALIZED_AUTOS = YES_AGGRESSIVE;
				GCC_WARN_UNUSED_FUNCTION = YES;
				GCC_WARN_UNUSED_VARIABLE = YES;
				IPHONEOS_DEPLOYMENT_TARGET = 11.2;
				MTL_ENABLE_DEBUG_INFO = YES;
				ONLY_ACTIVE_ARCH = YES;
				SDKROOT = iphoneos;
				SWIFT_ACTIVE_COMPILATION_CONDITIONS = DEBUG;
				SWIFT_OPTIMIZATION_LEVEL = "-Onone";
			};
			name = Debug;
		};
		512A70BB2015784700D92B4D /* Release */ = {
			isa = XCBuildConfiguration;
			buildSettings = {
				ALWAYS_SEARCH_USER_PATHS = NO;
				CLANG_ANALYZER_NONNULL = YES;
				CLANG_ANALYZER_NUMBER_OBJECT_CONVERSION = YES_AGGRESSIVE;
				CLANG_CXX_LANGUAGE_STANDARD = "gnu++14";
				CLANG_CXX_LIBRARY = "libc++";
				CLANG_ENABLE_MODULES = YES;
				CLANG_ENABLE_OBJC_ARC = YES;
				CLANG_WARN_BLOCK_CAPTURE_AUTORELEASING = YES;
				CLANG_WARN_BOOL_CONVERSION = YES;
				CLANG_WARN_COMMA = YES;
				CLANG_WARN_CONSTANT_CONVERSION = YES;
				CLANG_WARN_DIRECT_OBJC_ISA_USAGE = YES_ERROR;
				CLANG_WARN_DOCUMENTATION_COMMENTS = YES;
				CLANG_WARN_EMPTY_BODY = YES;
				CLANG_WARN_ENUM_CONVERSION = YES;
				CLANG_WARN_INFINITE_RECURSION = YES;
				CLANG_WARN_INT_CONVERSION = YES;
				CLANG_WARN_NON_LITERAL_NULL_CONVERSION = YES;
				CLANG_WARN_OBJC_LITERAL_CONVERSION = YES;
				CLANG_WARN_OBJC_ROOT_CLASS = YES_ERROR;
				CLANG_WARN_RANGE_LOOP_ANALYSIS = YES;
				CLANG_WARN_STRICT_PROTOTYPES = YES;
				CLANG_WARN_SUSPICIOUS_MOVE = YES;
				CLANG_WARN_UNGUARDED_AVAILABILITY = YES_AGGRESSIVE;
				CLANG_WARN_UNREACHABLE_CODE = YES;
				CLANG_WARN__DUPLICATE_METHOD_MATCH = YES;
				CODE_SIGN_IDENTITY = "iPhone Developer";
				COPY_PHASE_STRIP = NO;
				DEBUG_INFORMATION_FORMAT = "dwarf-with-dsym";
				ENABLE_NS_ASSERTIONS = NO;
				ENABLE_STRICT_OBJC_MSGSEND = YES;
				GCC_C_LANGUAGE_STANDARD = gnu11;
				GCC_NO_COMMON_BLOCKS = YES;
				GCC_WARN_64_TO_32_BIT_CONVERSION = YES;
				GCC_WARN_ABOUT_RETURN_TYPE = YES_ERROR;
				GCC_WARN_UNDECLARED_SELECTOR = YES;
				GCC_WARN_UNINITIALIZED_AUTOS = YES_AGGRESSIVE;
				GCC_WARN_UNUSED_FUNCTION = YES;
				GCC_WARN_UNUSED_VARIABLE = YES;
				IPHONEOS_DEPLOYMENT_TARGET = 11.2;
				MTL_ENABLE_DEBUG_INFO = NO;
				SDKROOT = iphoneos;
				SWIFT_OPTIMIZATION_LEVEL = "-Owholemodule";
				VALIDATE_PRODUCT = YES;
			};
			name = Release;
		};
		512A70BD2015784700D92B4D /* Debug */ = {
			isa = XCBuildConfiguration;
			buildSettings = {
				ASSETCATALOG_COMPILER_APPICON_NAME = AppIcon;
				CODE_SIGN_STYLE = Automatic;
				DEVELOPMENT_TEAM = E77DFV2HTT;
				INFOPLIST_FILE = TestGithubCocoaPods/Info.plist;
				LD_RUNPATH_SEARCH_PATHS = "$(inherited) @executable_path/Frameworks";
				PRODUCT_BUNDLE_IDENTIFIER = com.xuefuju.TestGithubCocoaPods;
				PRODUCT_NAME = "$(TARGET_NAME)";
				SWIFT_VERSION = 4.0;
				TARGETED_DEVICE_FAMILY = "1,2";
			};
			name = Debug;
		};
		512A70BE2015784700D92B4D /* Release */ = {
			isa = XCBuildConfiguration;
			buildSettings = {
				ASSETCATALOG_COMPILER_APPICON_NAME = AppIcon;
				CODE_SIGN_STYLE = Automatic;
				DEVELOPMENT_TEAM = E77DFV2HTT;
				INFOPLIST_FILE = TestGithubCocoaPods/Info.plist;
				LD_RUNPATH_SEARCH_PATHS = "$(inherited) @executable_path/Frameworks";
				PRODUCT_BUNDLE_IDENTIFIER = com.xuefuju.TestGithubCocoaPods;
				PRODUCT_NAME = "$(TARGET_NAME)";
				SWIFT_VERSION = 4.0;
				TARGETED_DEVICE_FAMILY = "1,2";
			};
			name = Release;
		};
/* End XCBuildConfiguration section */

/* Begin XCConfigurationList section */
		512A70A52015784700D92B4D /* Build configuration list for PBXProject "TestGithubCocoaPods" */ = {
			isa = XCConfigurationList;
			buildConfigurations = (
				512A70BA2015784700D92B4D /* Debug */,
				512A70BB2015784700D92B4D /* Release */,
			);
			defaultConfigurationIsVisible = 0;
			defaultConfigurationName = Release;
		};
		512A70BC2015784700D92B4D /* Build configuration list for PBXNativeTarget "TestGithubCocoaPods" */ = {
			isa = XCConfigurationList;
			buildConfigurations = (
				512A70BD2015784700D92B4D /* Debug */,
				512A70BE2015784700D92B4D /* Release */,
			);
			defaultConfigurationIsVisible = 0;
			defaultConfigurationName = Release;
		};
/* End XCConfigurationList section */
	};
	rootObject = 512A70A22015784700D92B4D /* Project object */;
}
